
Microsoft Visual Studio Solution File, Format Version 12.00
# Visual Studio Version 17
VisualStudioVersion = 17.1.32421.90
MinimumVisualStudioVersion = 10.0.40219.1
Project("{FAE04EC0-301F-11D3-BF4B-00C04F79EFBC}") = "MalisBuffBots", "MalisBuffBots.csproj", "{9721086C-6997-4967-A3EE-010D8D365B63}"
EndProject
Global
	GlobalSection(SolutionConfigurationPlatforms) = preSolution
		Debug|Any CPU = Debug|Any CPU
		Release|Any CPU = Release|Any CPU
	EndGlobalSection
	GlobalSection(ProjectConfigurationPlatforms) = postSolution
		{9721086C-6997-4967-A3EE-010D8D365B63}.Debug|Any CPU.ActiveCfg = Debug|Any CPU
		{9721086C-6997-4967-A3EE-010D8D365B63}.Debug|Any CPU.Build.0 = Debug|Any CPU
		{9721086C-6997-4967-A3EE-010D8D365B63}.Release|Any CPU.ActiveCfg = Release|Any CPU
		{9721086C-6997-4967-A3EE-010D8D365B63}.Release|Any CPU.Build.0 = Release|Any CPU
	EndGlobalSection
	GlobalSection(SolutionProperties) = preSolution
		HideSolutionNode = FALSE
	EndGlobalSection
	GlobalSection(ExtensibilityGlobals) = postSolution
		SolutionGuid = {A1C7DC55-6C88-498C-BD24-7202856865D5}
	EndGlobalSection
EndGlobal
